
Microsoft Visual Studio Solution File, Format Version 12.00
# Visual Studio Version 16
VisualStudioVersion = 16.0.31321.278
MinimumVisualStudioVersion = 10.0.40219.1
Project("{9A19103F-16F7-4668-BE54-9A1E7A4F7556}") = "x4.Console", "x4\x4.Console.csproj", "{06C283A0-988D-4769-A89F-B6FA1BCC5CD8}"
EndProject
Project("{9A19103F-16F7-4668-BE54-9A1E7A4F7556}") = "X4.Infrastructure", "X4.Infrastructure\X4.Infrastructure.csproj", "{06C31E46-8EBC-47B2-A863-5535C71B0FD0}"
EndProject
Global
	GlobalSection(SolutionConfigurationPlatforms) = preSolution
		Debug|Any CPU = Debug|Any CPU
		Release|Any CPU = Release|Any CPU
	EndGlobalSection
	GlobalSection(ProjectConfigurationPlatforms) = postSolution
		{06C283A0-988D-4769-A89F-B6FA1BCC5CD8}.Debug|Any CPU.ActiveCfg = Debug|Any CPU
		{06C283A0-988D-4769-A89F-B6FA1BCC5CD8}.Debug|Any CPU.Build.0 = Debug|Any CPU
		{06C283A0-988D-4769-A89F-B6FA1BCC5CD8}.Release|Any CPU.ActiveCfg = Release|Any CPU
		{06C283A0-988D-4769-A89F-B6FA1BCC5CD8}.Release|Any CPU.Build.0 = Release|Any CPU
		{06C31E46-8EBC-47B2-A863-5535C71B0FD0}.Debug|Any CPU.ActiveCfg = Debug|Any CPU
		{06C31E46-8EBC-47B2-A863-5535C71B0FD0}.Debug|Any CPU.Build.0 = Debug|Any CPU
		{06C31E46-8EBC-47B2-A863-5535C71B0FD0}.Release|Any CPU.ActiveCfg = Release|Any CPU
		{06C31E46-8EBC-47B2-A863-5535C71B0FD0}.Release|Any CPU.Build.0 = Release|Any CPU
	EndGlobalSection
	GlobalSection(SolutionProperties) = preSolution
		HideSolutionNode = FALSE
	EndGlobalSection
	GlobalSection(ExtensibilityGlobals) = postSolution
		SolutionGuid = {95BC0FB4-2E70-4162-A582-4FA02B0BCE06}
	EndGlobalSection
EndGlobal
